
Microsoft Visual Studio Solution File, Format Version 12.00
# Visual Studio Version 17
VisualStudioVersion = 17.4.33213.308
MinimumVisualStudioVersion = 10.0.40219.1
Project("{FAE04EC0-301F-11D3-BF4B-00C04F79EFBC}") = "BOAT_RESTAURANT", "BOAT_RESTAURANT.csproj", "{D48C0F6D-E358-49A0-A5A9-4F5A3AA8BDC9}"
EndProject
Project("{FAE04EC0-301F-11D3-BF4B-00C04F79EFBC}") = "WebApplication1", "..\..\Noble\WebApplication1\WebApplication1.csproj", "{E82B5E09-2ECE-4E08-8BB3-92DDF6F2009F}"
EndProject
Global
	GlobalSection(SolutionConfigurationPlatforms) = preSolution
		Debug|Any CPU = Debug|Any CPU
		Release|Any CPU = Release|Any CPU
	EndGlobalSection
	GlobalSection(ProjectConfigurationPlatforms) = postSolution
		{D48C0F6D-E358-49A0-A5A9-4F5A3AA8BDC9}.Debug|Any CPU.ActiveCfg = Debug|Any CPU
		{D48C0F6D-E358-49A0-A5A9-4F5A3AA8BDC9}.Debug|Any CPU.Build.0 = Debug|Any CPU
		{D48C0F6D-E358-49A0-A5A9-4F5A3AA8BDC9}.Release|Any CPU.ActiveCfg = Release|Any CPU
		{D48C0F6D-E358-49A0-A5A9-4F5A3AA8BDC9}.Release|Any CPU.Build.0 = Release|Any CPU
		{E82B5E09-2ECE-4E08-8BB3-92DDF6F2009F}.Debug|Any CPU.ActiveCfg = Debug|Any CPU
		{E82B5E09-2ECE-4E08-8BB3-92DDF6F2009F}.Debug|Any CPU.Build.0 = Debug|Any CPU
		{E82B5E09-2ECE-4E08-8BB3-92DDF6F2009F}.Release|Any CPU.ActiveCfg = Release|Any CPU
		{E82B5E09-2ECE-4E08-8BB3-92DDF6F2009F}.Release|Any CPU.Build.0 = Release|Any CPU
	EndGlobalSection
	GlobalSection(SolutionProperties) = preSolution
		HideSolutionNode = FALSE
	EndGlobalSection
	GlobalSection(ExtensibilityGlobals) = postSolution
		SolutionGuid = {6E8AD716-4784-4617-8CCF-DC4D66BFAEA2}
	EndGlobalSection
EndGlobal
